<?xml version="1.0" encoding="utf-8"?>
<Project ToolsVersion="4.0" xmlns="http://schemas.microsoft.com/developer/msbuild/2003">
  <ItemGroup>
    <Filter Include="소스 파일">
      <UniqueIdentifier>{4FC737F1-C7A5-4376-A066-2A32D752A2FF}</UniqueIdentifier>
      <Extensions>cpp;c;cc;cxx;def;odl;idl;hpj;bat;asm;asmx</Extensions>
    </Filter>
    <Filter Include="헤더 파일">
      <UniqueIdentifier>{93995380-89BD-4b04-88EB-625FBE52EBFB}</UniqueIdentifier>
      <Extensions>h;hh;hpp;hxx;hm;inl;inc;ipp;xsd</Extensions>
    </Filter>
    <Filter Include="리소스 파일">
      <UniqueIdentifier>{67DA6AB6-F800-4c08-8B7A-83BB121AAD01}</UniqueIdentifier>
      <Extensions>rc;ico;cur;bmp;dlg;rc2;rct;bin;rgs;gif;jpg;jpeg;jpe;resx;tiff;tif;png;wav;mfcribbon-ms</Extensions>
    </Filter>
    <Filter Include="Scene">
      <UniqueIdentifier>{2156907a-fb69-4a84-a154-6bfdd55c9065}</UniqueIdentifier>
    </Filter>
    <Filter Include="Core">
      <UniqueIdentifier>{b9993e20-2472-4063-994b-41498df7b5f4}</UniqueIdentifier>
    </Filter>
    <Filter Include="Scene\Layer">
      <UniqueIdentifier>{90ebcb0a-a547-411c-a2b3-992c7e007e07}</UniqueIdentifier>
    </Filter>
    <Filter Include="Object">
      <UniqueIdentifier>{302531e9-c570-4fff-a612-64e37ef61c38}</UniqueIdentifier>
    </Filter>
    <Filter Include="Object\MoveObject">
      <UniqueIdentifier>{772ed643-e39d-4dad-91cd-970253f26067}</UniqueIdentifier>
    </Filter>
    <Filter Include="Object\StaticObject">
      <UniqueIdentifier>{7deaa539-2ecb-40ae-95ba-33aea86d9f05}</UniqueIdentifier>
    </Filter>
    <Filter Include="Object\MoveObject\Player">
      <UniqueIdentifier>{dc792751-9e11-47ca-9b74-313e00670b5d}</UniqueIdentifier>
    </Filter>
    <Filter Include="Object\MoveObject\Monster">
      <UniqueIdentifier>{bbc19afe-48ad-4d69-b475-e0643c8fb0d5}</UniqueIdentifier>
    </Filter>
    <Filter Include="Core\Source">
      <UniqueIdentifier>{e5dc5cec-bde3-4d21-a412-e5f19f3a89b5}</UniqueIdentifier>
    </Filter>
    <Filter Include="MyFunc">
      <UniqueIdentifier>{a2d1ec80-085c-43b2-a73a-cedff5602b95}</UniqueIdentifier>
    </Filter>
  </ItemGroup>
  <ItemGroup>
    <ClCompile Include="main.cpp">
      <Filter>소스 파일</Filter>
    </ClCompile>
    <ClCompile Include="Scene\SceneManager.cpp">
      <Filter>Scene</Filter>
    </ClCompile>
    <ClCompile Include="Scene\Scene.cpp">
      <Filter>Scene</Filter>
    </ClCompile>
    <ClCompile Include="Scene\InGameScene.cpp">
      <Filter>Scene</Filter>
    </ClCompile>
    <ClCompile Include="Core\Core.cpp">
      <Filter>Core</Filter>
    </ClCompile>
    <ClCompile Include="Core\Timer.cpp">
      <Filter>Core</Filter>
    </ClCompile>
    <ClCompile Include="Scene\Layer.cpp">
      <Filter>Scene\Layer</Filter>
    </ClCompile>
    <ClCompile Include="Object\Object.cpp">
      <Filter>Object</Filter>
    </ClCompile>
    <ClCompile Include="Core\Ref.cpp">
      <Filter>Core</Filter>
    </ClCompile>
    <ClCompile Include="Object\StaticObj.cpp">
      <Filter>Object\StaticObject</Filter>
    </ClCompile>
    <ClCompile Include="Object\Player.cpp">
      <Filter>Object\MoveObject\Player</Filter>
    </ClCompile>
    <ClCompile Include="Object\MoveObj.cpp">
      <Filter>Object\MoveObject</Filter>
    </ClCompile>
    <ClCompile Include="Object\Monster.cpp">
      <Filter>Object\MoveObject\Monster</Filter>
    </ClCompile>
    <ClCompile Include="Core\PathManager.cpp">
      <Filter>Core</Filter>
    </ClCompile>
    <ClCompile Include="Core\SourceManager.cpp">
      <Filter>Core\Source</Filter>
    </ClCompile>
    <ClCompile Include="Core\Texture.cpp">
      <Filter>Core\Source</Filter>
    </ClCompile>
    <ClCompile Include="MyFunc\MyGdiplus.cpp">
      <Filter>MyFunc</Filter>
    </ClCompile>
  </ItemGroup>
  <ItemGroup>
    <ClInclude Include="Game.h">
      <Filter>헤더 파일</Filter>
    </ClInclude>
    <ClInclude Include="Macro.h">
      <Filter>헤더 파일</Filter>
    </ClInclude>
    <ClInclude Include="resource.h">
      <Filter>헤더 파일</Filter>
    </ClInclude>
    <ClInclude Include="Type.h">
      <Filter>헤더 파일</Filter>
    </ClInclude>
    <ClInclude Include="Scene\SceneManager.h">
      <Filter>Scene</Filter>
    </ClInclude>
    <ClInclude Include="Scene\Scene.h">
      <Filter>Scene</Filter>
    </ClInclude>
    <ClInclude Include="Scene\InGameScene.h">
      <Filter>Scene</Filter>
    </ClInclude>
    <ClInclude Include="Flag.h">
      <Filter>헤더 파일</Filter>
    </ClInclude>
    <ClInclude Include="Core\Core.h">
      <Filter>Core</Filter>
    </ClInclude>
    <ClInclude Include="Core\Timer.h">
      <Filter>Core</Filter>
    </ClInclude>
    <ClInclude Include="Scene\Layer.h">
      <Filter>Scene\Layer</Filter>
    </ClInclude>
    <ClInclude Include="Object\Object.h">
      <Filter>Object</Filter>
    </ClInclude>
    <ClInclude Include="Core\Ref.h">
      <Filter>Core</Filter>
    </ClInclude>
    <ClInclude Include="Object\StaticObj.h">
      <Filter>Object\StaticObject</Filter>
    </ClInclude>
    <ClInclude Include="Object\Player.h">
      <Filter>Object\MoveObject\Player</Filter>
    </ClInclude>
    <ClInclude Include="Object\MoveObj.h">
      <Filter>Object\MoveObject</Filter>
    </ClInclude>
    <ClInclude Include="Object\Monster.h">
      <Filter>Object\MoveObject\Monster</Filter>
    </ClInclude>
    <ClInclude Include="Core\PathManager.h">
      <Filter>Core</Filter>
    </ClInclude>
    <ClInclude Include="Core\SourceManager.h">
      <Filter>Core\Source</Filter>
    </ClInclude>
    <ClInclude Include="Core\Texture.h">
      <Filter>Core\Source</Filter>
    </ClInclude>
    <ClInclude Include="MyFunc\MyGdiplus.h">
      <Filter>MyFunc</Filter>
    </ClInclude>
  </ItemGroup>
  <ItemGroup>
    <ResourceCompile Include="AS_Practics.rc">
      <Filter>리소스 파일</Filter>
    </ResourceCompile>
  </ItemGroup>
  <ItemGroup>
    <Image Include="icon1.ico">
      <Filter>리소스 파일</Filter>
    </Image>
  </ItemGroup>
</Project>